
Microsoft Visual Studio Solution File, Format Version 12.00
Project("{FAE04EC0-301F-11D3-BF4B-00C04F79EFBC}") = "FactoryMethod", "FactoryMethod\FactoryMethod.csproj", "{89CC12A9-7B42-495F-A58A-8EE7CD662B22}"
EndProject
Project("{FAE04EC0-301F-11D3-BF4B-00C04F79EFBC}") = "Singleton", "Singleton\Singleton.csproj", "{937F364B-D6BB-4484-A5CC-6701043A50A2}"
EndProject
Global
	GlobalSection(SolutionConfigurationPlatforms) = preSolution
		Debug|Any CPU = Debug|Any CPU
		Release|Any CPU = Release|Any CPU
	EndGlobalSection
	GlobalSection(ProjectConfigurationPlatforms) = postSolution
		{89CC12A9-7B42-495F-A58A-8EE7CD662B22}.Debug|Any CPU.ActiveCfg = Debug|Any CPU
		{89CC12A9-7B42-495F-A58A-8EE7CD662B22}.Debug|Any CPU.Build.0 = Debug|Any CPU
		{89CC12A9-7B42-495F-A58A-8EE7CD662B22}.Release|Any CPU.ActiveCfg = Release|Any CPU
		{89CC12A9-7B42-495F-A58A-8EE7CD662B22}.Release|Any CPU.Build.0 = Release|Any CPU
		{937F364B-D6BB-4484-A5CC-6701043A50A2}.Debug|Any CPU.ActiveCfg = Debug|Any CPU
		{937F364B-D6BB-4484-A5CC-6701043A50A2}.Debug|Any CPU.Build.0 = Debug|Any CPU
		{937F364B-D6BB-4484-A5CC-6701043A50A2}.Release|Any CPU.ActiveCfg = Release|Any CPU
		{937F364B-D6BB-4484-A5CC-6701043A50A2}.Release|Any CPU.Build.0 = Release|Any CPU
	EndGlobalSection
EndGlobal
